
Microsoft Visual Studio Solution File, Format Version 12.00
# Visual Studio 15
VisualStudioVersion = 15.0.26730.12
MinimumVisualStudioVersion = 10.0.40219.1
Project("{FAE04EC0-301F-11D3-BF4B-00C04F79EFBC}") = "WindowsFormsApp1", "WindowsFormsApp1\WindowsFormsApp1.csproj", "{CC3D3312-F160-41FC-B049-16FD313CC0E7}"
EndProject
Global
	GlobalSection(SolutionConfigurationPlatforms) = preSolution
		Debug|Any CPU = Debug|Any CPU
		Release|Any CPU = Release|Any CPU
	EndGlobalSection
	GlobalSection(ProjectConfigurationPlatforms) = postSolution
		{CC3D3312-F160-41FC-B049-16FD313CC0E7}.Debug|Any CPU.ActiveCfg = Debug|Any CPU
		{CC3D3312-F160-41FC-B049-16FD313CC0E7}.Debug|Any CPU.Build.0 = Debug|Any CPU
		{CC3D3312-F160-41FC-B049-16FD313CC0E7}.Release|Any CPU.ActiveCfg = Release|Any CPU
		{CC3D3312-F160-41FC-B049-16FD313CC0E7}.Release|Any CPU.Build.0 = Release|Any CPU
	EndGlobalSection
	GlobalSection(SolutionProperties) = preSolution
		HideSolutionNode = FALSE
	EndGlobalSection
	GlobalSection(ExtensibilityGlobals) = postSolution
		SolutionGuid = {B5B61E67-1F7F-4AB3-8EE0-45D8CD1317E8}
	EndGlobalSection
EndGlobal
